
Microsoft Visual Studio Solution File, Format Version 12.00
# Visual Studio Version 16
VisualStudioVersion = 16.0.31702.278
MinimumVisualStudioVersion = 10.0.40219.1
Project("{9A19103F-16F7-4668-BE54-9A1E7A4F7556}") = "Enity", "Enity.csproj", "{2B046BEF-2BC4-4906-B295-782C8E73A020}"
EndProject
Project("{9A19103F-16F7-4668-BE54-9A1E7A4F7556}") = "ADO", "..\ConsoleApp2\ADO.csproj", "{A63B0497-081C-46F3-9C5F-CA6F92A5B7A1}"
EndProject
Global
	GlobalSection(SolutionConfigurationPlatforms) = preSolution
		Debug|Any CPU = Debug|Any CPU
		Release|Any CPU = Release|Any CPU
	EndGlobalSection
	GlobalSection(ProjectConfigurationPlatforms) = postSolution
		{2B046BEF-2BC4-4906-B295-782C8E73A020}.Debug|Any CPU.ActiveCfg = Debug|Any CPU
		{2B046BEF-2BC4-4906-B295-782C8E73A020}.Debug|Any CPU.Build.0 = Debug|Any CPU
		{2B046BEF-2BC4-4906-B295-782C8E73A020}.Release|Any CPU.ActiveCfg = Release|Any CPU
		{2B046BEF-2BC4-4906-B295-782C8E73A020}.Release|Any CPU.Build.0 = Release|Any CPU
		{A63B0497-081C-46F3-9C5F-CA6F92A5B7A1}.Debug|Any CPU.ActiveCfg = Debug|Any CPU
		{A63B0497-081C-46F3-9C5F-CA6F92A5B7A1}.Debug|Any CPU.Build.0 = Debug|Any CPU
		{A63B0497-081C-46F3-9C5F-CA6F92A5B7A1}.Release|Any CPU.ActiveCfg = Release|Any CPU
		{A63B0497-081C-46F3-9C5F-CA6F92A5B7A1}.Release|Any CPU.Build.0 = Release|Any CPU
	EndGlobalSection
	GlobalSection(SolutionProperties) = preSolution
		HideSolutionNode = FALSE
	EndGlobalSection
	GlobalSection(ExtensibilityGlobals) = postSolution
		SolutionGuid = {37B492ED-79A2-46EF-A738-6857F9E43B3C}
	EndGlobalSection
EndGlobal
